// !$*UTF8*$!
{
	archiveVersion = 1;
	classes = {
	};
	objectVersion = 46;
	objects = {

/* Begin PBXBuildFile section */
		A231ACF51F21F730009CF336 /* AppDelegate.swift in Sources */ = {isa = PBXBuildFile; fileRef = A231ACF41F21F730009CF336 /* AppDelegate.swift */; };
		A231ACF71F21F730009CF336 /* ViewController.swift in Sources */ = {isa = PBXBuildFile; fileRef = A231ACF61F21F730009CF336 /* ViewController.swift */; };
		A231ACFA1F21F730009CF336 /* Main.storyboard in Resources */ = {isa = PBXBuildFile; fileRef = A231ACF81F21F730009CF336 /* Main.storyboard */; };
		A231ACFC1F21F730009CF336 /* Assets.xcassets in Resources */ = {isa = PBXBuildFile; fileRef = A231ACFB1F21F730009CF336 /* Assets.xcassets */; };
		A231ACFF1F21F730009CF336 /* LaunchScreen.storyboard in Resources */ = {isa = PBXBuildFile; fileRef = A231ACFD1F21F730009CF336 /* LaunchScreen.storyboard */; };
/* End PBXBuildFile section */

/* Begin PBXFileReference section */
		A231ACF11F21F730009CF336 /* scc.app */ = {isa = PBXFileReference; explicitFileType = wrapper.application; includeInIndex = 0; path = scc.app; sourceTree = BUILT_PRODUCTS_DIR; };
		A231ACF41F21F730009CF336 /* AppDelegate.swift */ = {isa = PBXFileReference; lastKnownFileType = sourcecode.swift; path = AppDelegate.swift; sourceTree = "<group>"; };
		A231ACF61F21F730009CF336 /* ViewController.swift */ = {isa = PBXFileReference; lastKnownFileType = sourcecode.swift; path = ViewController.swift; sourceTree = "<group>"; };
		A231ACF91F21F730009CF336 /* Base */ = {isa = PBXFileReference; lastKnownFileType = file.storyboard; name = Base; path = Base.lproj/Main.storyboard; sourceTree = "<group>"; };
		A231ACFB1F21F730009CF336 /* Assets.xcassets */ = {isa = PBXFileReference; lastKnownFileType = folder.assetcatalog; path = Assets.xcassets; sourceTree = "<group>"; };
		A231ACFE1F21F730009CF336 /* Base */ = {isa = PBXFileReference; lastKnownFileType = file.storyboard; name = Base; path = Base.lproj/LaunchScreen.storyboard; sourceTree = "<group>"; };
		A231AD001F21F730009CF336 /* Info.plist */ = {isa = PBXFileReference; lastKnownFileType = text.plist.xml; path = Info.plist; sourceTree = "<group>"; };
/* End PBXFileReference section */

/* Begin PBXFrameworksBuildPhase section */
		A231ACEE1F21F730009CF336 /* Frameworks */ = {
			isa = PBXFrameworksBuildPhase;
			buildActionMask = 2147483647;
			files = (
			);
			runOnlyForDeploymentPostprocessing = 0;
		};
/* End PBXFrameworksBuildPhase section */

/* Begin PBXGroup section */
		A231ACE81F21F730009CF336 = {
			isa = PBXGroup;
			children = (
				A231ACF31F21F730009CF336 /* scc */,
				A231ACF21F21F730009CF336 /* Products */,
			);
			sourceTree = "<group>";
		};
		A231ACF21F21F730009CF336 /* Products */ = {
			isa = PBXGroup;
			children = (
				A231ACF11F21F730009CF336 /* scc.app */,
			);
			name = Products;
			sourceTree = "<group>";
		};
		A231ACF31F21F730009CF336 /* scc */ = {
			isa = PBXGroup;
			children = (
				A231ACF41F21F730009CF336 /* AppDelegate.swift */,
				A231ACF61F21F730009CF336 /* ViewController.swift */,
				A231ACF81F21F730009CF336 /* Main.storyboard */,
				A231ACFB1F21F730009CF336 /* Assets.xcassets */,
				A231ACFD1F21F730009CF336 /* LaunchScreen.storyboard */,
				A231AD001F21F730009CF336 /* Info.plist */,
			);
			path = scc;
			sourceTree = "<group>";
		};
/* End PBXGroup section */

/* Begin PBXNativeTarget section */
		A231ACF01F21F730009CF336 /* scc */ = {
			isa = PBXNativeTarget;
			buildConfigurationList = A231AD031F21F730009CF336 /* Build configuration list for PBXNativeTarget "scc" */;
			buildPhases = (
				A231ACED1F21F730009CF336 /* Sources */,
				A231ACEE1F21F730009CF336 /* Frameworks */,
				A231ACEF1F21F730009CF336 /* Resources */,
			);
			buildRules = (
			);
			dependencies = (
			);
			name = scc;
			productName = scc;
			productReference = A231ACF11F21F730009CF336 /* scc.app */;
			productType = "com.apple.product-type.application";
		};
/* End PBXNativeTarget section */

/* Begin PBXProject section */
		A231ACE91F21F730009CF336 /* Project object */ = {
			isa = PBXProject;
			attributes = {
				LastSwiftUpdateCheck = 0830;
				LastUpgradeCheck = 0830;
				ORGANIZATIONNAME = madgeordan;
				TargetAttributes = {
					A231ACF01F21F730009CF336 = {
						CreatedOnToolsVersion = 8.3.3;
						ProvisioningStyle = Automatic;
					};
				};
			};
			buildConfigurationList = A231ACEC1F21F730009CF336 /* Build configuration list for PBXProject "scc" */;
			compatibilityVersion = "Xcode 3.2";
			developmentRegion = English;
			hasScannedForEncodings = 0;
			knownRegions = (
				en,
				Base,
			);
			mainGroup = A231ACE81F21F730009CF336;
			productRefGroup = A231ACF21F21F730009CF336 /* Products */;
			projectDirPath = "";
			projectRoot = "";
			targets = (
				A231ACF01F21F730009CF336 /* scc */,
			);
		};
/* End PBXProject section */

/* Begin PBXResourcesBuildPhase section */
		A231ACEF1F21F730009CF336 /* Resources */ = {
			isa = PBXResourcesBuildPhase;
			buildActionMask = 2147483647;
			files = (
				A231ACFF1F21F730009CF336 /* LaunchScreen.storyboard in Resources */,
				A231ACFC1F21F730009CF336 /* Assets.xcassets in Resources */,
				A231ACFA1F21F730009CF336 /* Main.storyboard in Resources */,
			);
			runOnlyForDeploymentPostprocessing = 0;
		};
/* End PBXResourcesBuildPhase section */

/* Begin PBXSourcesBuildPhase section */
		A231ACED1F21F730009CF336 /* Sources */ = {
			isa = PBXSourcesBuildPhase;
			buildActionMask = 2147483647;
			files = (
				A231ACF71F21F730009CF336 /* ViewController.swift in Sources */,
				A231ACF51F21F730009CF336 /* AppDelegate.swift in Sources */,
			);
			runOnlyForDeploymentPostprocessing = 0;
		};
/* End PBXSourcesBuildPhase section */

/* Begin PBXVariantGroup section */
		A231ACF81F21F730009CF336 /* Main.storyboard */ = {
			isa = PBXVariantGroup;
			children = (
				A231ACF91F21F730009CF336 /* Base */,
			);
			name = Main.storyboard;
			sourceTree = "<group>";
		};
		A231ACFD1F21F730009CF336 /* LaunchScreen.storyboard */ = {
			isa = PBXVariantGroup;
			children = (
				A231ACFE1F21F730009CF336 /* Base */,
			);
			name = LaunchScreen.storyboard;
			sourceTree = "<group>";
		};
/* End PBXVariantGroup section */

/* Begin XCBuildConfiguration section */
		A231AD011F21F730009CF336 /* Debug */ = {
			isa = XCBuildConfiguration;
			buildSettings = {
				ALWAYS_SEARCH_USER_PATHS = NO;
				CLANG_ANALYZER_NONNULL = YES;
				CLANG_ANALYZER_NUMBER_OBJECT_CONVERSION = YES_AGGRESSIVE;
				CLANG_CXX_LANGUAGE_STANDARD = "gnu++0x";
				CLANG_CXX_LIBRARY = "libc++";
				CLANG_ENABLE_MODULES = YES;
				CLANG_ENABLE_OBJC_ARC = YES;
				CLANG_WARN_BOOL_CONVERSION = YES;
				CLANG_WARN_CONSTANT_CONVERSION = YES;
				CLANG_WARN_DIRECT_OBJC_ISA_USAGE = YES_ERROR;
				CLANG_WARN_DOCUMENTATION_COMMENTS = YES;
				CLANG_WARN_EMPTY_BODY = YES;
				CLANG_WARN_ENUM_CONVERSION = YES;
				CLANG_WARN_INFINITE_RECURSION = YES;
				CLANG_WARN_INT_CONVERSION = YES;
				CLANG_WARN_OBJC_ROOT_CLASS = YES_ERROR;
				CLANG_WARN_SUSPICIOUS_MOVE = YES;
				CLANG_WARN_UNREACHABLE_CODE = YES;
				CLANG_WARN__DUPLICATE_METHOD_MATCH = YES;
				"CODE_SIGN_IDENTITY[sdk=iphoneos*]" = "iPhone Developer";
				COPY_PHASE_STRIP = NO;
				DEBUG_INFORMATION_FORMAT = dwarf;
				ENABLE_STRICT_OBJC_MSGSEND = YES;
				ENABLE_TESTABILITY = YES;
				GCC_C_LANGUAGE_STANDARD = gnu99;
				GCC_DYNAMIC_NO_PIC = NO;
				GCC_NO_COMMON_BLOCKS = YES;
				GCC_OPTIMIZATION_LEVEL = 0;
				GCC_PREPROCESSOR_DEFINITIONS = (
					"DEBUG=1",
					"$(inherited)",
				);
				GCC_WARN_64_TO_32_BIT_CONVERSION = YES;
				GCC_WARN_ABOUT_RETURN_TYPE = YES_ERROR;
				GCC_WARN_UNDECLARED_SELECTOR = YES;
				GCC_WARN_UNINITIALIZED_AUTOS = YES_AGGRESSIVE;
				GCC_WARN_UNUSED_FUNCTION = YES;
				GCC_WARN_UNUSED_VARIABLE = YES;
				IPHONEOS_DEPLOYMENT_TARGET = 10.3;
				MTL_ENABLE_DEBUG_INFO = YES;
				ONLY_ACTIVE_ARCH = YES;
				SDKROOT = iphoneos;
				SWIFT_ACTIVE_COMPILATION_CONDITIONS = DEBUG;
				SWIFT_OPTIMIZATION_LEVEL = "-Onone";
				TARGETED_DEVICE_FAMILY = "1,2";
			};
			name = Debug;
		};
		A231AD021F21F730009CF336 /* Release */ = {
			isa = XCBuildConfiguration;
			buildSettings = {
				ALWAYS_SEARCH_USER_PATHS = NO;
				CLANG_ANALYZER_NONNULL = YES;
				CLANG_ANALYZER_NUMBER_OBJECT_CONVERSION = YES_AGGRESSIVE;
				CLANG_CXX_LANGUAGE_STANDARD = "gnu++0x";
				CLANG_CXX_LIBRARY = "libc++";
				CLANG_ENABLE_MODULES = YES;
				CLANG_ENABLE_OBJC_ARC = YES;
				CLANG_WARN_BOOL_CONVERSION = YES;
				CLANG_WARN_CONSTANT_CONVERSION = YES;
				CLANG_WARN_DIRECT_OBJC_ISA_USAGE = YES_ERROR;
				CLANG_WARN_DOCUMENTATION_COMMENTS = YES;
				CLANG_WARN_EMPTY_BODY = YES;
				CLANG_WARN_ENUM_CONVERSION = YES;
				CLANG_WARN_INFINITE_RECURSION = YES;
				CLANG_WARN_INT_CONVERSION = YES;
				CLANG_WARN_OBJC_ROOT_CLASS = YES_ERROR;
				CLANG_WARN_SUSPICIOUS_MOVE = YES;
				CLANG_WARN_UNREACHABLE_CODE = YES;
				CLANG_WARN__DUPLICATE_METHOD_MATCH = YES;
				"CODE_SIGN_IDENTITY[sdk=iphoneos*]" = "iPhone Developer";
				COPY_PHASE_STRIP = NO;
				DEBUG_INFORMATION_FORMAT = "dwarf-with-dsym";
				ENABLE_NS_ASSERTIONS = NO;
				ENABLE_STRICT_OBJC_MSGSEND = YES;
				GCC_C_LANGUAGE_STANDARD = gnu99;
				GCC_NO_COMMON_BLOCKS = YES;
				GCC_WARN_64_TO_32_BIT_CONVERSION = YES;
				GCC_WARN_ABOUT_RETURN_TYPE = YES_ERROR;
				GCC_WARN_UNDECLARED_SELECTOR = YES;
				GCC_WARN_UNINITIALIZED_AUTOS = YES_AGGRESSIVE;
				GCC_WARN_UNUSED_FUNCTION = YES;
				GCC_WARN_UNUSED_VARIABLE = YES;
				IPHONEOS_DEPLOYMENT_TARGET = 10.3;
				MTL_ENABLE_DEBUG_INFO = NO;
				SDKROOT = iphoneos;
				SWIFT_OPTIMIZATION_LEVEL = "-Owholemodule";
				TARGETED_DEVICE_FAMILY = "1,2";
				VALIDATE_PRODUCT = YES;
			};
			name = Release;
		};
		A231AD041F21F730009CF336 /* Debug */ = {
			isa = XCBuildConfiguration;
			buildSettings = {
				ASSETCATALOG_COMPILER_APPICON_NAME = AppIcon;
				INFOPLIST_FILE = scc/Info.plist;
				LD_RUNPATH_SEARCH_PATHS = "$(inherited) @executable_path/Frameworks";
				PRODUCT_BUNDLE_IDENTIFIER = com.madgeordan.scc;
				PRODUCT_NAME = "$(TARGET_NAME)";
				SWIFT_VERSION = 3.0;
			};
			name = Debug;
		};
		A231AD051F21F730009CF336 /* Release */ = {
			isa = XCBuildConfiguration;
			buildSettings = {
				ASSETCATALOG_COMPILER_APPICON_NAME = AppIcon;
				INFOPLIST_FILE = scc/Info.plist;
				LD_RUNPATH_SEARCH_PATHS = "$(inherited) @executable_path/Frameworks";
				PRODUCT_BUNDLE_IDENTIFIER = com.madgeordan.scc;
				PRODUCT_NAME = "$(TARGET_NAME)";
				SWIFT_VERSION = 3.0;
			};
			name = Release;
		};
/* End XCBuildConfiguration section */

/* Begin XCConfigurationList section */
		A231ACEC1F21F730009CF336 /* Build configuration list for PBXProject "scc" */ = {
			isa = XCConfigurationList;
			buildConfigurations = (
				A231AD011F21F730009CF336 /* Debug */,
				A231AD021F21F730009CF336 /* Release */,
			);
			defaultConfigurationIsVisible = 0;
			defaultConfigurationName = Release;
		};
		A231AD031F21F730009CF336 /* Build configuration list for PBXNativeTarget "scc" */ = {
			isa = XCConfigurationList;
			buildConfigurations = (
				A231AD041F21F730009CF336 /* Debug */,
				A231AD051F21F730009CF336 /* Release */,
			);
			defaultConfigurationIsVisible = 0;
		};
/* End XCConfigurationList section */
	};
	rootObject = A231ACE91F21F730009CF336 /* Project object */;
}
